PODS:
  - Alamofire (4.5.1)
  - AlamofireImage (3.3.0):
    - Alamofire (~> 4.5)
  - Mockingjay (2.0.0):
    - Mockingjay/Core (= 2.0.0)
    - Mockingjay/XCTest (= 2.0.0)
  - Mockingjay/Core (2.0.0):
    - URITemplate (~> 2.0)
  - Mockingjay/XCTest (2.0.0):
    - Mockingjay/Core
  - PromiseKit (4.4.0):
    - PromiseKit/Foundation (= 4.4.0)
    - PromiseKit/QuartzCore (= 4.4.0)
    - PromiseKit/UIKit (= 4.4.0)
  - PromiseKit/CorePromise (4.4.0)
  - PromiseKit/Foundation (4.4.0):
    - PromiseKit/CorePromise
  - PromiseKit/QuartzCore (4.4.0):
    - PromiseKit/CorePromise
  - PromiseKit/UIKit (4.4.0):
    - PromiseKit/CorePromise
  - URITemplate (2.0.1)

DEPENDENCIES:
  - Alamofire (~> 4.5)
  - AlamofireImage (~> 3.3)
  - Mockingjay (~> 2.0)
  - PromiseKit (~> 4.3)

SPEC CHECKSUMS:
  Alamofire: 2d95912bf4c34f164fdfc335872e8c312acaea4a
  AlamofireImage: 2e784dc5d00f04903a52c1d169181469c805c3df
  Mockingjay: 7122a3fc0597aa63438e4cd9b71b7bc8aac05b87
  PromiseKit: ecf5fe92275d57ee77c9ede858af47a162e9b97e
  URITemplate: 720b8a56a281494d7c2d31ee33183986eaed2c67

PODFILE CHECKSUM: 4d200825a684dfce05fb150f462253a4e213a5fb

COCOAPODS: 1.2.1
